{
  "name": "platform-common",
  "lockfileVersion": 3,
  "requires": true,
  "packages": {
    "": {
      "name": "platform-common",
      "workspaces": [
        "packages/*"
      ]
    },
    "node_modules/@platform-common/auth": {
      "resolved": "packages/auth",
      "link": true
    },
    "node_modules/@platform-common/authorization": {
      "resolved": "packages/authorization",
      "link": true
    },
    "node_modules/@platform-common/errors": {
      "resolved": "packages/errors",
      "link": true
    },
    "node_modules/@platform-common/logger": {
      "resolved": "packages/logger",
      "link": true
    },
    "node_modules/@platform-common/rate-limit": {
      "resolved": "packages/rate-limit",
      "link": true
    },
    "node_modules/@platform-common/utils": {
      "resolved": "packages/utils",
      "link": true
    },
    "packages/auth": {
      "name": "@platform-common/auth",
      "version": "1.0.0"
    },
    "packages/authorization": {
      "name": "@platform-common/authorization",
      "version": "1.0.0"
    },
    "packages/errors": {
      "name": "@platform-common/errors",
      "version": "1.0.0"
    },
    "packages/logger": {
      "name": "@platform-common/logger",
      "version": "1.0.0"
    },
    "packages/rate-limit": {
      "name": "@platform-common/rate-limit",
      "version": "1.0.0"
    },
    "packages/utils": {
      "name": "@platform-common/utils",
      "version": "1.0.0"
    }
  }
}
